// !$*UTF8*$!
{
	archiveVersion = 1;
	classes = {
	};
	objectVersion = 56;
	objects = {

/* Begin PBXBuildFile section */
		0CD87C912C8784DF00AD76AC /* MyVKApp.swift in Sources */ = {isa = PBXBuildFile; fileRef = 0CD87C902C8784DF00AD76AC /* MyVKApp.swift */; };
		0CD87C932C8784DF00AD76AC /* ContentView.swift in Sources */ = {isa = PBXBuildFile; fileRef = 0CD87C922C8784DF00AD76AC /* ContentView.swift */; };
		0CD87C952C8784E200AD76AC /* Assets.xcassets in Resources */ = {isa = PBXBuildFile; fileRef = 0CD87C942C8784E200AD76AC /* Assets.xcassets */; };
		0CD87C982C8784E200AD76AC /* Preview Assets.xcassets in Resources */ = {isa = PBXBuildFile; fileRef = 0CD87C972C8784E200AD76AC /* Preview Assets.xcassets */; };
		0CD87CA82C878DCF00AD76AC /* Consts.swift in Sources */ = {isa = PBXBuildFile; fileRef = 0CD87CA72C878DCF00AD76AC /* Consts.swift */; };
		0CD87CAA2C878E9D00AD76AC /* UserStorage.swift in Sources */ = {isa = PBXBuildFile; fileRef = 0CD87CA92C878E9D00AD76AC /* UserStorage.swift */; };
		0CD87CAC2C87977000AD76AC /* AuthURLBuilder.swift in Sources */ = {isa = PBXBuildFile; fileRef = 0CD87CAB2C87977000AD76AC /* AuthURLBuilder.swift */; };
		0CD87CAE2C88B86000AD76AC /* AuthCredentials.swift in Sources */ = {isa = PBXBuildFile; fileRef = 0CD87CAD2C88B86000AD76AC /* AuthCredentials.swift */; };
		0CD87CB02C88B8E500AD76AC /* AuthWebView.swift in Sources */ = {isa = PBXBuildFile; fileRef = 0CD87CAF2C88B8E500AD76AC /* AuthWebView.swift */; };
		0CD87CD42C8F285D00AD76AC /* ComposableArchitecture in Frameworks */ = {isa = PBXBuildFile; productRef = 0CD87CD32C8F285D00AD76AC /* ComposableArchitecture */; };
		0CD87CD82C8F35CD00AD76AC /* TabBarFeature.swift in Sources */ = {isa = PBXBuildFile; fileRef = 0CD87CD72C8F35CD00AD76AC /* TabBarFeature.swift */; };
		0CD87CDC2C8F46CC00AD76AC /* TabBarView.swift in Sources */ = {isa = PBXBuildFile; fileRef = 0CD87CDB2C8F46CC00AD76AC /* TabBarView.swift */; };
		0CD87CDF2C8F7ADB00AD76AC /* FirstAppearModifier.swift in Sources */ = {isa = PBXBuildFile; fileRef = 0CD87CDE2C8F7ADB00AD76AC /* FirstAppearModifier.swift */; };
		0CD87CE12C8F7BD500AD76AC /* View+Extension.swift in Sources */ = {isa = PBXBuildFile; fileRef = 0CD87CE02C8F7BD500AD76AC /* View+Extension.swift */; };
/* End PBXBuildFile section */

/* Begin PBXFileReference section */
		0CD87C8D2C8784DF00AD76AC /* MyVK.app */ = {isa = PBXFileReference; explicitFileType = wrapper.application; includeInIndex = 0; path = MyVK.app; sourceTree = BUILT_PRODUCTS_DIR; };
		0CD87C902C8784DF00AD76AC /* MyVKApp.swift */ = {isa = PBXFileReference; lastKnownFileType = sourcecode.swift; path = MyVKApp.swift; sourceTree = "<group>"; };
		0CD87C922C8784DF00AD76AC /* ContentView.swift */ = {isa = PBXFileReference; lastKnownFileType = sourcecode.swift; path = ContentView.swift; sourceTree = "<group>"; };
		0CD87C942C8784E200AD76AC /* Assets.xcassets */ = {isa = PBXFileReference; lastKnownFileType = folder.assetcatalog; path = Assets.xcassets; sourceTree = "<group>"; };
		0CD87C972C8784E200AD76AC /* Preview Assets.xcassets */ = {isa = PBXFileReference; lastKnownFileType = folder.assetcatalog; path = "Preview Assets.xcassets"; sourceTree = "<group>"; };
		0CD87CA72C878DCF00AD76AC /* Consts.swift */ = {isa = PBXFileReference; lastKnownFileType = sourcecode.swift; path = Consts.swift; sourceTree = "<group>"; };
		0CD87CA92C878E9D00AD76AC /* UserStorage.swift */ = {isa = PBXFileReference; lastKnownFileType = sourcecode.swift; path = UserStorage.swift; sourceTree = "<group>"; };
		0CD87CAB2C87977000AD76AC /* AuthURLBuilder.swift */ = {isa = PBXFileReference; lastKnownFileType = sourcecode.swift; path = AuthURLBuilder.swift; sourceTree = "<group>"; };
		0CD87CAD2C88B86000AD76AC /* AuthCredentials.swift */ = {isa = PBXFileReference; lastKnownFileType = sourcecode.swift; path = AuthCredentials.swift; sourceTree = "<group>"; };
		0CD87CAF2C88B8E500AD76AC /* AuthWebView.swift */ = {isa = PBXFileReference; lastKnownFileType = sourcecode.swift; path = AuthWebView.swift; sourceTree = "<group>"; };
		0CD87CD72C8F35CD00AD76AC /* TabBarFeature.swift */ = {isa = PBXFileReference; lastKnownFileType = sourcecode.swift; path = TabBarFeature.swift; sourceTree = "<group>"; };
		0CD87CDB2C8F46CC00AD76AC /* TabBarView.swift */ = {isa = PBXFileReference; lastKnownFileType = sourcecode.swift; path = TabBarView.swift; sourceTree = "<group>"; };
		0CD87CDE2C8F7ADB00AD76AC /* FirstAppearModifier.swift */ = {isa = PBXFileReference; lastKnownFileType = sourcecode.swift; path = FirstAppearModifier.swift; sourceTree = "<group>"; };
		0CD87CE02C8F7BD500AD76AC /* View+Extension.swift */ = {isa = PBXFileReference; lastKnownFileType = sourcecode.swift; path = "View+Extension.swift"; sourceTree = "<group>"; };
/* End PBXFileReference section */

/* Begin PBXFrameworksBuildPhase section */
		0CD87C8A2C8784DF00AD76AC /* Frameworks */ = {
			isa = PBXFrameworksBuildPhase;
			buildActionMask = 2147483647;
			files = (
				0CD87CD42C8F285D00AD76AC /* ComposableArchitecture in Frameworks */,
			);
			runOnlyForDeploymentPostprocessing = 0;
		};
/* End PBXFrameworksBuildPhase section */

/* Begin PBXGroup section */
		0CD87C842C8784DF00AD76AC = {
			isa = PBXGroup;
			children = (
				0CD87C8F2C8784DF00AD76AC /* MyVK */,
				0CD87C8E2C8784DF00AD76AC /* Products */,
			);
			sourceTree = "<group>";
		};
		0CD87C8E2C8784DF00AD76AC /* Products */ = {
			isa = PBXGroup;
			children = (
				0CD87C8D2C8784DF00AD76AC /* MyVK.app */,
			);
			name = Products;
			sourceTree = "<group>";
		};
		0CD87C8F2C8784DF00AD76AC /* MyVK */ = {
			isa = PBXGroup;
			children = (
				0CD87C9E2C8786A200AD76AC /* App */,
				0CD87C9F2C8786DF00AD76AC /* Resources */,
				0CD87CA02C8786FD00AD76AC /* Features */,
				0CD87CA42C87876500AD76AC /* Services */,
				0CD87CA62C87879000AD76AC /* Helpers */,
				0CD87C922C8784DF00AD76AC /* ContentView.swift */,
				0CD87C962C8784E200AD76AC /* Preview Content */,
			);
			path = MyVK;
			sourceTree = "<group>";
		};
		0CD87C962C8784E200AD76AC /* Preview Content */ = {
			isa = PBXGroup;
			children = (
				0CD87C972C8784E200AD76AC /* Preview Assets.xcassets */,
			);
			path = "Preview Content";
			sourceTree = "<group>";
		};
		0CD87C9E2C8786A200AD76AC /* App */ = {
			isa = PBXGroup;
			children = (
				0CD87C902C8784DF00AD76AC /* MyVKApp.swift */,
			);
			path = App;
			sourceTree = "<group>";
		};
		0CD87C9F2C8786DF00AD76AC /* Resources */ = {
			isa = PBXGroup;
			children = (
				0CD87C942C8784E200AD76AC /* Assets.xcassets */,
			);
			path = Resources;
			sourceTree = "<group>";
		};
		0CD87CA02C8786FD00AD76AC /* Features */ = {
			isa = PBXGroup;
			children = (
				0CD87CD52C8F359800AD76AC /* PrivateZone */,
				0CD87CA12C87871300AD76AC /* PublicZone */,
			);
			path = Features;
			sourceTree = "<group>";
		};
		0CD87CA12C87871300AD76AC /* PublicZone */ = {
			isa = PBXGroup;
			children = (
				0CD87CA22C87871D00AD76AC /* Data */,
				0CD87CA32C87874D00AD76AC /* Support */,
				0CD87CAF2C88B8E500AD76AC /* AuthWebView.swift */,
			);
			path = PublicZone;
			sourceTree = "<group>";
		};
		0CD87CA22C87871D00AD76AC /* Data */ = {
			isa = PBXGroup;
			children = (
				0CD87CAD2C88B86000AD76AC /* AuthCredentials.swift */,
			);
			path = Data;
			sourceTree = "<group>";
		};
		0CD87CA32C87874D00AD76AC /* Support */ = {
			isa = PBXGroup;
			children = (
				0CD87CAB2C87977000AD76AC /* AuthURLBuilder.swift */,
			);
			path = Support;
			sourceTree = "<group>";
		};
		0CD87CA42C87876500AD76AC /* Services */ = {
			isa = PBXGroup;
			children = (
				0CD87CA52C87877E00AD76AC /* Storages */,
			);
			path = Services;
			sourceTree = "<group>";
		};
		0CD87CA52C87877E00AD76AC /* Storages */ = {
			isa = PBXGroup;
			children = (
				0CD87CA92C878E9D00AD76AC /* UserStorage.swift */,
			);
			path = Storages;
			sourceTree = "<group>";
		};
		0CD87CA62C87879000AD76AC /* Helpers */ = {
			isa = PBXGroup;
			children = (
				0CD87CDD2C8F7ACC00AD76AC /* ViewModifiers */,
				0CD87CA72C878DCF00AD76AC /* Consts.swift */,
				0CD87CE02C8F7BD500AD76AC /* View+Extension.swift */,
			);
			path = Helpers;
			sourceTree = "<group>";
		};
		0CD87CD52C8F359800AD76AC /* PrivateZone */ = {
			isa = PBXGroup;
			children = (
				0CD87CD62C8F35A700AD76AC /* TabBar */,
			);
			path = PrivateZone;
			sourceTree = "<group>";
		};
		0CD87CD62C8F35A700AD76AC /* TabBar */ = {
			isa = PBXGroup;
			children = (
				0CD87CD72C8F35CD00AD76AC /* TabBarFeature.swift */,
				0CD87CDB2C8F46CC00AD76AC /* TabBarView.swift */,
			);
			path = TabBar;
			sourceTree = "<group>";
		};
		0CD87CDD2C8F7ACC00AD76AC /* ViewModifiers */ = {
			isa = PBXGroup;
			children = (
				0CD87CDE2C8F7ADB00AD76AC /* FirstAppearModifier.swift */,
			);
			path = ViewModifiers;
			sourceTree = "<group>";
		};
/* End PBXGroup section */

/* Begin PBXNativeTarget section */
		0CD87C8C2C8784DF00AD76AC /* MyVK */ = {
			isa = PBXNativeTarget;
			buildConfigurationList = 0CD87C9B2C8784E200AD76AC /* Build configuration list for PBXNativeTarget "MyVK" */;
			buildPhases = (
				0CD87C892C8784DF00AD76AC /* Sources */,
				0CD87C8A2C8784DF00AD76AC /* Frameworks */,
				0CD87C8B2C8784DF00AD76AC /* Resources */,
			);
			buildRules = (
			);
			dependencies = (
			);
			name = MyVK;
			packageProductDependencies = (
				0CD87CD32C8F285D00AD76AC /* ComposableArchitecture */,
			);
			productName = MyVK;
			productReference = 0CD87C8D2C8784DF00AD76AC /* MyVK.app */;
			productType = "com.apple.product-type.application";
		};
/* End PBXNativeTarget section */

/* Begin PBXProject section */
		0CD87C852C8784DF00AD76AC /* Project object */ = {
			isa = PBXProject;
			attributes = {
				BuildIndependentTargetsInParallel = 1;
				LastSwiftUpdateCheck = 1540;
				LastUpgradeCheck = 1540;
				TargetAttributes = {
					0CD87C8C2C8784DF00AD76AC = {
						CreatedOnToolsVersion = 15.4;
					};
				};
			};
			buildConfigurationList = 0CD87C882C8784DF00AD76AC /* Build configuration list for PBXProject "MyVK" */;
			compatibilityVersion = "Xcode 14.0";
			developmentRegion = en;
			hasScannedForEncodings = 0;
			knownRegions = (
				en,
				Base,
			);
			mainGroup = 0CD87C842C8784DF00AD76AC;
			packageReferences = (
				0CD87CD22C8F285D00AD76AC /* XCRemoteSwiftPackageReference "swift-composable-architecture" */,
			);
			productRefGroup = 0CD87C8E2C8784DF00AD76AC /* Products */;
			projectDirPath = "";
			projectRoot = "";
			targets = (
				0CD87C8C2C8784DF00AD76AC /* MyVK */,
			);
		};
/* End PBXProject section */

/* Begin PBXResourcesBuildPhase section */
		0CD87C8B2C8784DF00AD76AC /* Resources */ = {
			isa = PBXResourcesBuildPhase;
			buildActionMask = 2147483647;
			files = (
				0CD87C982C8784E200AD76AC /* Preview Assets.xcassets in Resources */,
				0CD87C952C8784E200AD76AC /* Assets.xcassets in Resources */,
			);
			runOnlyForDeploymentPostprocessing = 0;
		};
/* End PBXResourcesBuildPhase section */

/* Begin PBXSourcesBuildPhase section */
		0CD87C892C8784DF00AD76AC /* Sources */ = {
			isa = PBXSourcesBuildPhase;
			buildActionMask = 2147483647;
			files = (
				0CD87CDF2C8F7ADB00AD76AC /* FirstAppearModifier.swift in Sources */,
				0CD87CAC2C87977000AD76AC /* AuthURLBuilder.swift in Sources */,
				0CD87CDC2C8F46CC00AD76AC /* TabBarView.swift in Sources */,
				0CD87CAA2C878E9D00AD76AC /* UserStorage.swift in Sources */,
				0CD87C932C8784DF00AD76AC /* ContentView.swift in Sources */,
				0CD87CB02C88B8E500AD76AC /* AuthWebView.swift in Sources */,
				0CD87CA82C878DCF00AD76AC /* Consts.swift in Sources */,
				0CD87CE12C8F7BD500AD76AC /* View+Extension.swift in Sources */,
				0CD87CAE2C88B86000AD76AC /* AuthCredentials.swift in Sources */,
				0CD87CD82C8F35CD00AD76AC /* TabBarFeature.swift in Sources */,
				0CD87C912C8784DF00AD76AC /* MyVKApp.swift in Sources */,
			);
			runOnlyForDeploymentPostprocessing = 0;
		};
/* End PBXSourcesBuildPhase section */

/* Begin XCBuildConfiguration section */
		0CD87C992C8784E200AD76AC /* Debug */ = {
			isa = XCBuildConfiguration;
			buildSettings = {
				ALWAYS_SEARCH_USER_PATHS = NO;
				ASSETCATALOG_COMPILER_GENERATE_SWIFT_ASSET_SYMBOL_EXTENSIONS = YES;
				CLANG_ANALYZER_NONNULL = YES;
				CLANG_ANALYZER_NUMBER_OBJECT_CONVERSION = YES_AGGRESSIVE;
				CLANG_CXX_LANGUAGE_STANDARD = "gnu++20";
				CLANG_ENABLE_MODULES = YES;
				CLANG_ENABLE_OBJC_ARC = YES;
				CLANG_ENABLE_OBJC_WEAK = YES;
				CLANG_WARN_BLOCK_CAPTURE_AUTORELEASING = YES;
				CLANG_WARN_BOOL_CONVERSION = YES;
				CLANG_WARN_COMMA = YES;
				CLANG_WARN_CONSTANT_CONVERSION = YES;
				CLANG_WARN_DEPRECATED_OBJC_IMPLEMENTATIONS = YES;
				CLANG_WARN_DIRECT_OBJC_ISA_USAGE = YES_ERROR;
				CLANG_WARN_DOCUMENTATION_COMMENTS = YES;
				CLANG_WARN_EMPTY_BODY = YES;
				CLANG_WARN_ENUM_CONVERSION = YES;
				CLANG_WARN_INFINITE_RECURSION = YES;
				CLANG_WARN_INT_CONVERSION = YES;
				CLANG_WARN_NON_LITERAL_NULL_CONVERSION = YES;
				CLANG_WARN_OBJC_IMPLICIT_RETAIN_SELF = YES;
				CLANG_WARN_OBJC_LITERAL_CONVERSION = YES;
				CLANG_WARN_OBJC_ROOT_CLASS = YES_ERROR;
				CLANG_WARN_QUOTED_INCLUDE_IN_FRAMEWORK_HEADER = YES;
				CLANG_WARN_RANGE_LOOP_ANALYSIS = YES;
				CLANG_WARN_STRICT_PROTOTYPES = YES;
				CLANG_WARN_SUSPICIOUS_MOVE = YES;
				CLANG_WARN_UNGUARDED_AVAILABILITY = YES_AGGRESSIVE;
				CLANG_WARN_UNREACHABLE_CODE = YES;
				CLANG_WARN__DUPLICATE_METHOD_MATCH = YES;
				COPY_PHASE_STRIP = NO;
				DEBUG_INFORMATION_FORMAT = dwarf;
				ENABLE_STRICT_OBJC_MSGSEND = YES;
				ENABLE_TESTABILITY = YES;
				ENABLE_USER_SCRIPT_SANDBOXING = YES;
				GCC_C_LANGUAGE_STANDARD = gnu17;
				GCC_DYNAMIC_NO_PIC = NO;
				GCC_NO_COMMON_BLOCKS = YES;
				GCC_OPTIMIZATION_LEVEL = 0;
				GCC_PREPROCESSOR_DEFINITIONS = (
					"DEBUG=1",
					"$(inherited)",
				);
				GCC_WARN_64_TO_32_BIT_CONVERSION = YES;
				GCC_WARN_ABOUT_RETURN_TYPE = YES_ERROR;
				GCC_WARN_UNDECLARED_SELECTOR = YES;
				GCC_WARN_UNINITIALIZED_AUTOS = YES_AGGRESSIVE;
				GCC_WARN_UNUSED_FUNCTION = YES;
				GCC_WARN_UNUSED_VARIABLE = YES;
				IPHONEOS_DEPLOYMENT_TARGET = 17.0;
				LOCALIZATION_PREFERS_STRING_CATALOGS = YES;
				MTL_ENABLE_DEBUG_INFO = INCLUDE_SOURCE;
				MTL_FAST_MATH = YES;
				ONLY_ACTIVE_ARCH = YES;
				SDKROOT = iphoneos;
				SWIFT_ACTIVE_COMPILATION_CONDITIONS = "DEBUG $(inherited)";
				SWIFT_OPTIMIZATION_LEVEL = "-Onone";
			};
			name = Debug;
		};
		0CD87C9A2C8784E200AD76AC /* Release */ = {
			isa = XCBuildConfiguration;
			buildSettings = {
				ALWAYS_SEARCH_USER_PATHS = NO;
				ASSETCATALOG_COMPILER_GENERATE_SWIFT_ASSET_SYMBOL_EXTENSIONS = YES;
				CLANG_ANALYZER_NONNULL = YES;
				CLANG_ANALYZER_NUMBER_OBJECT_CONVERSION = YES_AGGRESSIVE;
				CLANG_CXX_LANGUAGE_STANDARD = "gnu++20";
				CLANG_ENABLE_MODULES = YES;
				CLANG_ENABLE_OBJC_ARC = YES;
				CLANG_ENABLE_OBJC_WEAK = YES;
				CLANG_WARN_BLOCK_CAPTURE_AUTORELEASING = YES;
				CLANG_WARN_BOOL_CONVERSION = YES;
				CLANG_WARN_COMMA = YES;
				CLANG_WARN_CONSTANT_CONVERSION = YES;
				CLANG_WARN_DEPRECATED_OBJC_IMPLEMENTATIONS = YES;
				CLANG_WARN_DIRECT_OBJC_ISA_USAGE = YES_ERROR;
				CLANG_WARN_DOCUMENTATION_COMMENTS = YES;
				CLANG_WARN_EMPTY_BODY = YES;
				CLANG_WARN_ENUM_CONVERSION = YES;
				CLANG_WARN_INFINITE_RECURSION = YES;
				CLANG_WARN_INT_CONVERSION = YES;
				CLANG_WARN_NON_LITERAL_NULL_CONVERSION = YES;
				CLANG_WARN_OBJC_IMPLICIT_RETAIN_SELF = YES;
				CLANG_WARN_OBJC_LITERAL_CONVERSION = YES;
				CLANG_WARN_OBJC_ROOT_CLASS = YES_ERROR;
				CLANG_WARN_QUOTED_INCLUDE_IN_FRAMEWORK_HEADER = YES;
				CLANG_WARN_RANGE_LOOP_ANALYSIS = YES;
				CLANG_WARN_STRICT_PROTOTYPES = YES;
				CLANG_WARN_SUSPICIOUS_MOVE = YES;
				CLANG_WARN_UNGUARDED_AVAILABILITY = YES_AGGRESSIVE;
				CLANG_WARN_UNREACHABLE_CODE = YES;
				CLANG_WARN__DUPLICATE_METHOD_MATCH = YES;
				COPY_PHASE_STRIP = NO;
				DEBUG_INFORMATION_FORMAT = "dwarf-with-dsym";
				ENABLE_NS_ASSERTIONS = NO;
				ENABLE_STRICT_OBJC_MSGSEND = YES;
				ENABLE_USER_SCRIPT_SANDBOXING = YES;
				GCC_C_LANGUAGE_STANDARD = gnu17;
				GCC_NO_COMMON_BLOCKS = YES;
				GCC_WARN_64_TO_32_BIT_CONVERSION = YES;
				GCC_WARN_ABOUT_RETURN_TYPE = YES_ERROR;
				GCC_WARN_UNDECLARED_SELECTOR = YES;
				GCC_WARN_UNINITIALIZED_AUTOS = YES_AGGRESSIVE;
				GCC_WARN_UNUSED_FUNCTION = YES;
				GCC_WARN_UNUSED_VARIABLE = YES;
				IPHONEOS_DEPLOYMENT_TARGET = 17.0;
				LOCALIZATION_PREFERS_STRING_CATALOGS = YES;
				MTL_ENABLE_DEBUG_INFO = NO;
				MTL_FAST_MATH = YES;
				SDKROOT = iphoneos;
				SWIFT_COMPILATION_MODE = wholemodule;
				VALIDATE_PRODUCT = YES;
			};
			name = Release;
		};
		0CD87C9C2C8784E200AD76AC /* Debug */ = {
			isa = XCBuildConfiguration;
			buildSettings = {
				ASSETCATALOG_COMPILER_APPICON_NAME = AppIcon;
				ASSETCATALOG_COMPILER_GLOBAL_ACCENT_COLOR_NAME = AccentColor;
				CODE_SIGN_STYLE = Automatic;
				CURRENT_PROJECT_VERSION = 1;
				DEVELOPMENT_ASSET_PATHS = "\"MyVK/Preview Content\"";
				DEVELOPMENT_TEAM = 3ASY9C6DNH;
				ENABLE_PREVIEWS = YES;
				GENERATE_INFOPLIST_FILE = YES;
				INFOPLIST_KEY_UIApplicationSceneManifest_Generation = YES;
				INFOPLIST_KEY_UIApplicationSupportsIndirectInputEvents = YES;
				INFOPLIST_KEY_UILaunchScreen_Generation = YES;
				INFOPLIST_KEY_UISupportedInterfaceOrientations = UIInterfaceOrientationPortrait;
				INFOPLIST_KEY_UISupportedInterfaceOrientations_iPad = "UIInterfaceOrientationLandscapeLeft UIInterfaceOrientationLandscapeRight UIInterfaceOrientationPortrait UIInterfaceOrientationPortraitUpsideDown";
				LD_RUNPATH_SEARCH_PATHS = (
					"$(inherited)",
					"@executable_path/Frameworks",
				);
				MARKETING_VERSION = 1.0;
				PRODUCT_BUNDLE_IDENTIFIER = com.artyompetrichenko.MyVK;
				PRODUCT_NAME = "$(TARGET_NAME)";
				SWIFT_EMIT_LOC_STRINGS = YES;
				SWIFT_VERSION = 5.0;
				TARGETED_DEVICE_FAMILY = "1,2";
			};
			name = Debug;
		};
		0CD87C9D2C8784E200AD76AC /* Release */ = {
			isa = XCBuildConfiguration;
			buildSettings = {
				ASSETCATALOG_COMPILER_APPICON_NAME = AppIcon;
				ASSETCATALOG_COMPILER_GLOBAL_ACCENT_COLOR_NAME = AccentColor;
				CODE_SIGN_STYLE = Automatic;
				CURRENT_PROJECT_VERSION = 1;
				DEVELOPMENT_ASSET_PATHS = "\"MyVK/Preview Content\"";
				DEVELOPMENT_TEAM = 3ASY9C6DNH;
				ENABLE_PREVIEWS = YES;
				GENERATE_INFOPLIST_FILE = YES;
				INFOPLIST_KEY_UIApplicationSceneManifest_Generation = YES;
				INFOPLIST_KEY_UIApplicationSupportsIndirectInputEvents = YES;
				INFOPLIST_KEY_UILaunchScreen_Generation = YES;
				INFOPLIST_KEY_UISupportedInterfaceOrientations = UIInterfaceOrientationPortrait;
				INFOPLIST_KEY_UISupportedInterfaceOrientations_iPad = "UIInterfaceOrientationLandscapeLeft UIInterfaceOrientationLandscapeRight UIInterfaceOrientationPortrait UIInterfaceOrientationPortraitUpsideDown";
				LD_RUNPATH_SEARCH_PATHS = (
					"$(inherited)",
					"@executable_path/Frameworks",
				);
				MARKETING_VERSION = 1.0;
				PRODUCT_BUNDLE_IDENTIFIER = com.artyompetrichenko.MyVK;
				PRODUCT_NAME = "$(TARGET_NAME)";
				SWIFT_EMIT_LOC_STRINGS = YES;
				SWIFT_VERSION = 5.0;
				TARGETED_DEVICE_FAMILY = "1,2";
			};
			name = Release;
		};
/* End XCBuildConfiguration section */

/* Begin XCConfigurationList section */
		0CD87C882C8784DF00AD76AC /* Build configuration list for PBXProject "MyVK" */ = {
			isa = XCConfigurationList;
			buildConfigurations = (
				0CD87C992C8784E200AD76AC /* Debug */,
				0CD87C9A2C8784E200AD76AC /* Release */,
			);
			defaultConfigurationIsVisible = 0;
			defaultConfigurationName = Release;
		};
		0CD87C9B2C8784E200AD76AC /* Build configuration list for PBXNativeTarget "MyVK" */ = {
			isa = XCConfigurationList;
			buildConfigurations = (
				0CD87C9C2C8784E200AD76AC /* Debug */,
				0CD87C9D2C8784E200AD76AC /* Release */,
			);
			defaultConfigurationIsVisible = 0;
			defaultConfigurationName = Release;
		};
/* End XCConfigurationList section */

/* Begin XCRemoteSwiftPackageReference section */
		0CD87CD22C8F285D00AD76AC /* XCRemoteSwiftPackageReference "swift-composable-architecture" */ = {
			isa = XCRemoteSwiftPackageReference;
			repositoryURL = "https://github.com/pointfreeco/swift-composable-architecture.git";
			requirement = {
				kind = upToNextMajorVersion;
				minimumVersion = 1.14.0;
			};
		};
/* End XCRemoteSwiftPackageReference section */

/* Begin XCSwiftPackageProductDependency section */
		0CD87CD32C8F285D00AD76AC /* ComposableArchitecture */ = {
			isa = XCSwiftPackageProductDependency;
			package = 0CD87CD22C8F285D00AD76AC /* XCRemoteSwiftPackageReference "swift-composable-architecture" */;
			productName = ComposableArchitecture;
		};
/* End XCSwiftPackageProductDependency section */
	};
	rootObject = 0CD87C852C8784DF00AD76AC /* Project object */;
}
