// !$*UTF8*$!
{
	archiveVersion = 1;
	classes = {
	};
	objectVersion = 56;
	objects = {

/* Begin PBXBuildFile section */
		0C4CFC962C999A1900EA2F10 /* ProfileAPIClient.swift in Sources */ = {isa = PBXBuildFile; fileRef = 0C4CFC952C999A1900EA2F10 /* ProfileAPIClient.swift */; };
		0C4CFC982C999A4300EA2F10 /* ProfileEndpoint.swift in Sources */ = {isa = PBXBuildFile; fileRef = 0C4CFC972C999A4300EA2F10 /* ProfileEndpoint.swift */; };
		0C4CFC9B2C999EC400EA2F10 /* ServerPhotoModel.swift in Sources */ = {isa = PBXBuildFile; fileRef = 0C4CFC9A2C999EC400EA2F10 /* ServerPhotoModel.swift */; };
		0C4CFC9E2C999F4900EA2F10 /* UserPhoto.swift in Sources */ = {isa = PBXBuildFile; fileRef = 0C4CFC9D2C999F4900EA2F10 /* UserPhoto.swift */; };
		0C4CFCA12C99A19600EA2F10 /* ProfileFeature.swift in Sources */ = {isa = PBXBuildFile; fileRef = 0C4CFCA02C99A19600EA2F10 /* ProfileFeature.swift */; };
		0C4CFCA32C99FAAA00EA2F10 /* ProfileView.swift in Sources */ = {isa = PBXBuildFile; fileRef = 0C4CFCA22C99FAAA00EA2F10 /* ProfileView.swift */; };
		0C4CFCA62C99FF3A00EA2F10 /* ProfileInfoView.swift in Sources */ = {isa = PBXBuildFile; fileRef = 0C4CFCA52C99FF3A00EA2F10 /* ProfileInfoView.swift */; };
		0C4CFCA82C99FF4F00EA2F10 /* ProfileFriendsListView.swift in Sources */ = {isa = PBXBuildFile; fileRef = 0C4CFCA72C99FF4F00EA2F10 /* ProfileFriendsListView.swift */; };
		0C4CFCAA2C99FF6800EA2F10 /* ProfilePhotosListView.swift in Sources */ = {isa = PBXBuildFile; fileRef = 0C4CFCA92C99FF6800EA2F10 /* ProfilePhotosListView.swift */; };
		0C4CFCAC2C9AF28400EA2F10 /* ProfileSceletonView.swift in Sources */ = {isa = PBXBuildFile; fileRef = 0C4CFCAB2C9AF28300EA2F10 /* ProfileSceletonView.swift */; };
		0CD87C912C8784DF00AD76AC /* MyVKApp.swift in Sources */ = {isa = PBXBuildFile; fileRef = 0CD87C902C8784DF00AD76AC /* MyVKApp.swift */; };
		0CD87C932C8784DF00AD76AC /* ContentView.swift in Sources */ = {isa = PBXBuildFile; fileRef = 0CD87C922C8784DF00AD76AC /* ContentView.swift */; };
		0CD87C952C8784E200AD76AC /* Assets.xcassets in Resources */ = {isa = PBXBuildFile; fileRef = 0CD87C942C8784E200AD76AC /* Assets.xcassets */; };
		0CD87C982C8784E200AD76AC /* Preview Assets.xcassets in Resources */ = {isa = PBXBuildFile; fileRef = 0CD87C972C8784E200AD76AC /* Preview Assets.xcassets */; };
		0CD87CA82C878DCF00AD76AC /* Consts.swift in Sources */ = {isa = PBXBuildFile; fileRef = 0CD87CA72C878DCF00AD76AC /* Consts.swift */; };
		0CD87CAA2C878E9D00AD76AC /* UserStorage.swift in Sources */ = {isa = PBXBuildFile; fileRef = 0CD87CA92C878E9D00AD76AC /* UserStorage.swift */; };
		0CD87CAC2C87977000AD76AC /* AuthURLBuilder.swift in Sources */ = {isa = PBXBuildFile; fileRef = 0CD87CAB2C87977000AD76AC /* AuthURLBuilder.swift */; };
		0CD87CAE2C88B86000AD76AC /* AuthCredentials.swift in Sources */ = {isa = PBXBuildFile; fileRef = 0CD87CAD2C88B86000AD76AC /* AuthCredentials.swift */; };
		0CD87CB02C88B8E500AD76AC /* AuthWebView.swift in Sources */ = {isa = PBXBuildFile; fileRef = 0CD87CAF2C88B8E500AD76AC /* AuthWebView.swift */; };
		0CD87CD42C8F285D00AD76AC /* ComposableArchitecture in Frameworks */ = {isa = PBXBuildFile; productRef = 0CD87CD32C8F285D00AD76AC /* ComposableArchitecture */; };
		0CD87CD82C8F35CD00AD76AC /* TabBarFeature.swift in Sources */ = {isa = PBXBuildFile; fileRef = 0CD87CD72C8F35CD00AD76AC /* TabBarFeature.swift */; };
		0CD87CDC2C8F46CC00AD76AC /* TabBarView.swift in Sources */ = {isa = PBXBuildFile; fileRef = 0CD87CDB2C8F46CC00AD76AC /* TabBarView.swift */; };
		0CD87CDF2C8F7ADB00AD76AC /* FirstAppearModifier.swift in Sources */ = {isa = PBXBuildFile; fileRef = 0CD87CDE2C8F7ADB00AD76AC /* FirstAppearModifier.swift */; };
		0CD87CE12C8F7BD500AD76AC /* View+Extension.swift in Sources */ = {isa = PBXBuildFile; fileRef = 0CD87CE02C8F7BD500AD76AC /* View+Extension.swift */; };
		0CD87CEF2C92E48900AD76AC /* Optional+Extension.swift in Sources */ = {isa = PBXBuildFile; fileRef = 0CD87CEE2C92E48900AD76AC /* Optional+Extension.swift */; };
		0CD87CF32C92EA5D00AD76AC /* ResponseModel.swift in Sources */ = {isa = PBXBuildFile; fileRef = 0CD87CF22C92EA5D00AD76AC /* ResponseModel.swift */; };
		0CD87CF52C92EB6B00AD76AC /* ServerUserModel.swift in Sources */ = {isa = PBXBuildFile; fileRef = 0CD87CF42C92EB6B00AD76AC /* ServerUserModel.swift */; };
		0CD87CF92C92EE9A00AD76AC /* User.swift in Sources */ = {isa = PBXBuildFile; fileRef = 0CD87CF82C92EE9A00AD76AC /* User.swift */; };
		0CD87CFB2C932F8200AD76AC /* Gender.swift in Sources */ = {isa = PBXBuildFile; fileRef = 0CD87CFA2C932F8200AD76AC /* Gender.swift */; };
		0CD87CFE2C94167700AD76AC /* AsyncNetwork in Frameworks */ = {isa = PBXBuildFile; productRef = 0CD87CFD2C94167700AD76AC /* AsyncNetwork */; };
		0CD87D012C945F4400AD76AC /* NetworkClient.swift in Sources */ = {isa = PBXBuildFile; fileRef = 0CD87D002C945F4400AD76AC /* NetworkClient.swift */; };
		0CD87D042C94606600AD76AC /* FriendsAPIClient.swift in Sources */ = {isa = PBXBuildFile; fileRef = 0CD87D032C94606600AD76AC /* FriendsAPIClient.swift */; };
		0CD87D062C94607C00AD76AC /* FriendsEndpoint.swift in Sources */ = {isa = PBXBuildFile; fileRef = 0CD87D052C94607C00AD76AC /* FriendsEndpoint.swift */; };
		0CD87D092C94623B00AD76AC /* FriendsListView.swift in Sources */ = {isa = PBXBuildFile; fileRef = 0CD87D082C94623B00AD76AC /* FriendsListView.swift */; };
		0CD87D0B2C94625A00AD76AC /* FriendsListFeature.swift in Sources */ = {isa = PBXBuildFile; fileRef = 0CD87D0A2C94625A00AD76AC /* FriendsListFeature.swift */; };
		0CD87D0E2C959C9E00AD76AC /* OnlineIndicatorView.swift in Sources */ = {isa = PBXBuildFile; fileRef = 0CD87D0D2C959C9E00AD76AC /* OnlineIndicatorView.swift */; };
		0CD87D102C95B27600AD76AC /* TextInfoView.swift in Sources */ = {isa = PBXBuildFile; fileRef = 0CD87D0F2C95B27600AD76AC /* TextInfoView.swift */; };
		0CD87D122C95B35900AD76AC /* FriendsListItemView.swift in Sources */ = {isa = PBXBuildFile; fileRef = 0CD87D112C95B35900AD76AC /* FriendsListItemView.swift */; };
		0CD87D172C95CB6900AD76AC /* LoadableViewFeature.swift in Sources */ = {isa = PBXBuildFile; fileRef = 0CD87D162C95CB6900AD76AC /* LoadableViewFeature.swift */; };
		0CD87D192C95DB7E00AD76AC /* LoadableView.swift in Sources */ = {isa = PBXBuildFile; fileRef = 0CD87D182C95DB7E00AD76AC /* LoadableView.swift */; };
		0CD87D1C2C96298B00AD76AC /* ShimmerView.swift in Sources */ = {isa = PBXBuildFile; fileRef = 0CD87D1B2C96298B00AD76AC /* ShimmerView.swift */; };
		0CD87D212C96307800AD76AC /* FriendsSceletonView.swift in Sources */ = {isa = PBXBuildFile; fileRef = 0CD87D202C96307800AD76AC /* FriendsSceletonView.swift */; };
		0CD87D242C963DA900AD76AC /* AlertView.swift in Sources */ = {isa = PBXBuildFile; fileRef = 0CD87D232C963DA900AD76AC /* AlertView.swift */; };
		0CD87D262C963F3700AD76AC /* Color+Extension.swift in Sources */ = {isa = PBXBuildFile; fileRef = 0CD87D252C963F3700AD76AC /* Color+Extension.swift */; };
		0CD87D292C96414900AD76AC /* Typealiases.swift in Sources */ = {isa = PBXBuildFile; fileRef = 0CD87D282C96414900AD76AC /* Typealiases.swift */; };
		0CD87D2B2C964BCB00AD76AC /* Date+Extension.swift in Sources */ = {isa = PBXBuildFile; fileRef = 0CD87D2A2C964BCB00AD76AC /* Date+Extension.swift */; };
		0CD87D2D2C964C1E00AD76AC /* Bool+Extension.swift in Sources */ = {isa = PBXBuildFile; fileRef = 0CD87D2C2C964C1E00AD76AC /* Bool+Extension.swift */; };
		0CD87D2F2C9651FC00AD76AC /* DateFormatter.swift in Sources */ = {isa = PBXBuildFile; fileRef = 0CD87D2E2C9651FC00AD76AC /* DateFormatter.swift */; };
/* End PBXBuildFile section */

/* Begin PBXFileReference section */
		0C4CFC952C999A1900EA2F10 /* ProfileAPIClient.swift */ = {isa = PBXFileReference; lastKnownFileType = sourcecode.swift; path = ProfileAPIClient.swift; sourceTree = "<group>"; };
		0C4CFC972C999A4300EA2F10 /* ProfileEndpoint.swift */ = {isa = PBXFileReference; lastKnownFileType = sourcecode.swift; path = ProfileEndpoint.swift; sourceTree = "<group>"; };
		0C4CFC9A2C999EC400EA2F10 /* ServerPhotoModel.swift */ = {isa = PBXFileReference; lastKnownFileType = sourcecode.swift; path = ServerPhotoModel.swift; sourceTree = "<group>"; };
		0C4CFC9D2C999F4900EA2F10 /* UserPhoto.swift */ = {isa = PBXFileReference; lastKnownFileType = sourcecode.swift; path = UserPhoto.swift; sourceTree = "<group>"; };
		0C4CFCA02C99A19600EA2F10 /* ProfileFeature.swift */ = {isa = PBXFileReference; lastKnownFileType = sourcecode.swift; path = ProfileFeature.swift; sourceTree = "<group>"; };
		0C4CFCA22C99FAAA00EA2F10 /* ProfileView.swift */ = {isa = PBXFileReference; lastKnownFileType = sourcecode.swift; path = ProfileView.swift; sourceTree = "<group>"; };
		0C4CFCA52C99FF3A00EA2F10 /* ProfileInfoView.swift */ = {isa = PBXFileReference; lastKnownFileType = sourcecode.swift; path = ProfileInfoView.swift; sourceTree = "<group>"; };
		0C4CFCA72C99FF4F00EA2F10 /* ProfileFriendsListView.swift */ = {isa = PBXFileReference; lastKnownFileType = sourcecode.swift; path = ProfileFriendsListView.swift; sourceTree = "<group>"; };
		0C4CFCA92C99FF6800EA2F10 /* ProfilePhotosListView.swift */ = {isa = PBXFileReference; lastKnownFileType = sourcecode.swift; path = ProfilePhotosListView.swift; sourceTree = "<group>"; };
		0C4CFCAB2C9AF28300EA2F10 /* ProfileSceletonView.swift */ = {isa = PBXFileReference; lastKnownFileType = sourcecode.swift; path = ProfileSceletonView.swift; sourceTree = "<group>"; };
		0CD87C8D2C8784DF00AD76AC /* MyVK.app */ = {isa = PBXFileReference; explicitFileType = wrapper.application; includeInIndex = 0; path = MyVK.app; sourceTree = BUILT_PRODUCTS_DIR; };
		0CD87C902C8784DF00AD76AC /* MyVKApp.swift */ = {isa = PBXFileReference; lastKnownFileType = sourcecode.swift; path = MyVKApp.swift; sourceTree = "<group>"; };
		0CD87C922C8784DF00AD76AC /* ContentView.swift */ = {isa = PBXFileReference; lastKnownFileType = sourcecode.swift; path = ContentView.swift; sourceTree = "<group>"; };
		0CD87C942C8784E200AD76AC /* Assets.xcassets */ = {isa = PBXFileReference; lastKnownFileType = folder.assetcatalog; path = Assets.xcassets; sourceTree = "<group>"; };
		0CD87C972C8784E200AD76AC /* Preview Assets.xcassets */ = {isa = PBXFileReference; lastKnownFileType = folder.assetcatalog; path = "Preview Assets.xcassets"; sourceTree = "<group>"; };
		0CD87CA72C878DCF00AD76AC /* Consts.swift */ = {isa = PBXFileReference; lastKnownFileType = sourcecode.swift; path = Consts.swift; sourceTree = "<group>"; };
		0CD87CA92C878E9D00AD76AC /* UserStorage.swift */ = {isa = PBXFileReference; lastKnownFileType = sourcecode.swift; path = UserStorage.swift; sourceTree = "<group>"; };
		0CD87CAB2C87977000AD76AC /* AuthURLBuilder.swift */ = {isa = PBXFileReference; lastKnownFileType = sourcecode.swift; path = AuthURLBuilder.swift; sourceTree = "<group>"; };
		0CD87CAD2C88B86000AD76AC /* AuthCredentials.swift */ = {isa = PBXFileReference; lastKnownFileType = sourcecode.swift; path = AuthCredentials.swift; sourceTree = "<group>"; };
		0CD87CAF2C88B8E500AD76AC /* AuthWebView.swift */ = {isa = PBXFileReference; lastKnownFileType = sourcecode.swift; path = AuthWebView.swift; sourceTree = "<group>"; };
		0CD87CD72C8F35CD00AD76AC /* TabBarFeature.swift */ = {isa = PBXFileReference; lastKnownFileType = sourcecode.swift; path = TabBarFeature.swift; sourceTree = "<group>"; };
		0CD87CDB2C8F46CC00AD76AC /* TabBarView.swift */ = {isa = PBXFileReference; lastKnownFileType = sourcecode.swift; path = TabBarView.swift; sourceTree = "<group>"; };
		0CD87CDE2C8F7ADB00AD76AC /* FirstAppearModifier.swift */ = {isa = PBXFileReference; lastKnownFileType = sourcecode.swift; path = FirstAppearModifier.swift; sourceTree = "<group>"; };
		0CD87CE02C8F7BD500AD76AC /* View+Extension.swift */ = {isa = PBXFileReference; lastKnownFileType = sourcecode.swift; path = "View+Extension.swift"; sourceTree = "<group>"; };
		0CD87CEE2C92E48900AD76AC /* Optional+Extension.swift */ = {isa = PBXFileReference; lastKnownFileType = sourcecode.swift; path = "Optional+Extension.swift"; sourceTree = "<group>"; };
		0CD87CF22C92EA5D00AD76AC /* ResponseModel.swift */ = {isa = PBXFileReference; lastKnownFileType = sourcecode.swift; path = ResponseModel.swift; sourceTree = "<group>"; };
		0CD87CF42C92EB6B00AD76AC /* ServerUserModel.swift */ = {isa = PBXFileReference; lastKnownFileType = sourcecode.swift; path = ServerUserModel.swift; sourceTree = "<group>"; };
		0CD87CF82C92EE9A00AD76AC /* User.swift */ = {isa = PBXFileReference; lastKnownFileType = sourcecode.swift; path = User.swift; sourceTree = "<group>"; };
		0CD87CFA2C932F8200AD76AC /* Gender.swift */ = {isa = PBXFileReference; lastKnownFileType = sourcecode.swift; path = Gender.swift; sourceTree = "<group>"; };
		0CD87D002C945F4400AD76AC /* NetworkClient.swift */ = {isa = PBXFileReference; lastKnownFileType = sourcecode.swift; path = NetworkClient.swift; sourceTree = "<group>"; };
		0CD87D032C94606600AD76AC /* FriendsAPIClient.swift */ = {isa = PBXFileReference; lastKnownFileType = sourcecode.swift; path = FriendsAPIClient.swift; sourceTree = "<group>"; };
		0CD87D052C94607C00AD76AC /* FriendsEndpoint.swift */ = {isa = PBXFileReference; lastKnownFileType = sourcecode.swift; path = FriendsEndpoint.swift; sourceTree = "<group>"; };
		0CD87D082C94623B00AD76AC /* FriendsListView.swift */ = {isa = PBXFileReference; lastKnownFileType = sourcecode.swift; path = FriendsListView.swift; sourceTree = "<group>"; };
		0CD87D0A2C94625A00AD76AC /* FriendsListFeature.swift */ = {isa = PBXFileReference; lastKnownFileType = sourcecode.swift; path = FriendsListFeature.swift; sourceTree = "<group>"; };
		0CD87D0D2C959C9E00AD76AC /* OnlineIndicatorView.swift */ = {isa = PBXFileReference; lastKnownFileType = sourcecode.swift; path = OnlineIndicatorView.swift; sourceTree = "<group>"; };
		0CD87D0F2C95B27600AD76AC /* TextInfoView.swift */ = {isa = PBXFileReference; lastKnownFileType = sourcecode.swift; path = TextInfoView.swift; sourceTree = "<group>"; };
		0CD87D112C95B35900AD76AC /* FriendsListItemView.swift */ = {isa = PBXFileReference; lastKnownFileType = sourcecode.swift; path = FriendsListItemView.swift; sourceTree = "<group>"; };
		0CD87D162C95CB6900AD76AC /* LoadableViewFeature.swift */ = {isa = PBXFileReference; lastKnownFileType = sourcecode.swift; path = LoadableViewFeature.swift; sourceTree = "<group>"; };
		0CD87D182C95DB7E00AD76AC /* LoadableView.swift */ = {isa = PBXFileReference; lastKnownFileType = sourcecode.swift; path = LoadableView.swift; sourceTree = "<group>"; };
		0CD87D1B2C96298B00AD76AC /* ShimmerView.swift */ = {isa = PBXFileReference; lastKnownFileType = sourcecode.swift; path = ShimmerView.swift; sourceTree = "<group>"; };
		0CD87D202C96307800AD76AC /* FriendsSceletonView.swift */ = {isa = PBXFileReference; lastKnownFileType = sourcecode.swift; path = FriendsSceletonView.swift; sourceTree = "<group>"; };
		0CD87D232C963DA900AD76AC /* AlertView.swift */ = {isa = PBXFileReference; lastKnownFileType = sourcecode.swift; path = AlertView.swift; sourceTree = "<group>"; };
		0CD87D252C963F3700AD76AC /* Color+Extension.swift */ = {isa = PBXFileReference; lastKnownFileType = sourcecode.swift; path = "Color+Extension.swift"; sourceTree = "<group>"; };
		0CD87D282C96414900AD76AC /* Typealiases.swift */ = {isa = PBXFileReference; lastKnownFileType = sourcecode.swift; path = Typealiases.swift; sourceTree = "<group>"; };
		0CD87D2A2C964BCB00AD76AC /* Date+Extension.swift */ = {isa = PBXFileReference; lastKnownFileType = sourcecode.swift; path = "Date+Extension.swift"; sourceTree = "<group>"; };
		0CD87D2C2C964C1E00AD76AC /* Bool+Extension.swift */ = {isa = PBXFileReference; lastKnownFileType = sourcecode.swift; path = "Bool+Extension.swift"; sourceTree = "<group>"; };
		0CD87D2E2C9651FC00AD76AC /* DateFormatter.swift */ = {isa = PBXFileReference; lastKnownFileType = sourcecode.swift; path = DateFormatter.swift; sourceTree = "<group>"; };
/* End PBXFileReference section */

/* Begin PBXFrameworksBuildPhase section */
		0CD87C8A2C8784DF00AD76AC /* Frameworks */ = {
			isa = PBXFrameworksBuildPhase;
			buildActionMask = 2147483647;
			files = (
				0CD87CFE2C94167700AD76AC /* AsyncNetwork in Frameworks */,
				0CD87CD42C8F285D00AD76AC /* ComposableArchitecture in Frameworks */,
			);
			runOnlyForDeploymentPostprocessing = 0;
		};
/* End PBXFrameworksBuildPhase section */

/* Begin PBXGroup section */
		0C0CCF902C96D2B500951858 /* AnimationView */ = {
			isa = PBXGroup;
			children = (
				0CD87D1B2C96298B00AD76AC /* ShimmerView.swift */,
			);
			path = AnimationView;
			sourceTree = "<group>";
		};
		0C4CFC942C999A0800EA2F10 /* Profile */ = {
			isa = PBXGroup;
			children = (
				0C4CFC952C999A1900EA2F10 /* ProfileAPIClient.swift */,
				0C4CFC972C999A4300EA2F10 /* ProfileEndpoint.swift */,
			);
			path = Profile;
			sourceTree = "<group>";
		};
		0C4CFC992C999E9F00EA2F10 /* Photo */ = {
			isa = PBXGroup;
			children = (
				0C4CFC9A2C999EC400EA2F10 /* ServerPhotoModel.swift */,
			);
			path = Photo;
			sourceTree = "<group>";
		};
		0C4CFC9C2C999F3700EA2F10 /* Photo */ = {
			isa = PBXGroup;
			children = (
				0C4CFC9D2C999F4900EA2F10 /* UserPhoto.swift */,
			);
			path = Photo;
			sourceTree = "<group>";
		};
		0C4CFC9F2C99A16900EA2F10 /* Profile */ = {
			isa = PBXGroup;
			children = (
				0C4CFCA42C99FF2B00EA2F10 /* UI */,
				0C4CFCA02C99A19600EA2F10 /* ProfileFeature.swift */,
				0C4CFCA22C99FAAA00EA2F10 /* ProfileView.swift */,
			);
			path = Profile;
			sourceTree = "<group>";
		};
		0C4CFCA42C99FF2B00EA2F10 /* UI */ = {
			isa = PBXGroup;
			children = (
				0C4CFCA52C99FF3A00EA2F10 /* ProfileInfoView.swift */,
				0C4CFCA72C99FF4F00EA2F10 /* ProfileFriendsListView.swift */,
				0C4CFCA92C99FF6800EA2F10 /* ProfilePhotosListView.swift */,
			);
			path = UI;
			sourceTree = "<group>";
		};
		0CD87C842C8784DF00AD76AC = {
			isa = PBXGroup;
			children = (
				0CD87C8F2C8784DF00AD76AC /* MyVK */,
				0CD87C8E2C8784DF00AD76AC /* Products */,
			);
			sourceTree = "<group>";
		};
		0CD87C8E2C8784DF00AD76AC /* Products */ = {
			isa = PBXGroup;
			children = (
				0CD87C8D2C8784DF00AD76AC /* MyVK.app */,
			);
			name = Products;
			sourceTree = "<group>";
		};
		0CD87C8F2C8784DF00AD76AC /* MyVK */ = {
			isa = PBXGroup;
			children = (
				0CD87C9E2C8786A200AD76AC /* App */,
				0CD87CEA2C92E3B500AD76AC /* Models */,
				0CD87C9F2C8786DF00AD76AC /* Resources */,
				0CD87CA02C8786FD00AD76AC /* Features */,
				0CD87D142C95CB0F00AD76AC /* UI */,
				0CD87CA42C87876500AD76AC /* Services */,
				0CD87CA62C87879000AD76AC /* Helpers */,
				0CD87C962C8784E200AD76AC /* Preview Content */,
			);
			path = MyVK;
			sourceTree = "<group>";
		};
		0CD87C962C8784E200AD76AC /* Preview Content */ = {
			isa = PBXGroup;
			children = (
				0CD87C972C8784E200AD76AC /* Preview Assets.xcassets */,
			);
			path = "Preview Content";
			sourceTree = "<group>";
		};
		0CD87C9E2C8786A200AD76AC /* App */ = {
			isa = PBXGroup;
			children = (
				0CD87C922C8784DF00AD76AC /* ContentView.swift */,
				0CD87C902C8784DF00AD76AC /* MyVKApp.swift */,
			);
			path = App;
			sourceTree = "<group>";
		};
		0CD87C9F2C8786DF00AD76AC /* Resources */ = {
			isa = PBXGroup;
			children = (
				0CD87C942C8784E200AD76AC /* Assets.xcassets */,
			);
			path = Resources;
			sourceTree = "<group>";
		};
		0CD87CA02C8786FD00AD76AC /* Features */ = {
			isa = PBXGroup;
			children = (
				0CD87CD52C8F359800AD76AC /* PrivateZone */,
				0CD87CA12C87871300AD76AC /* PublicZone */,
			);
			path = Features;
			sourceTree = "<group>";
		};
		0CD87CA12C87871300AD76AC /* PublicZone */ = {
			isa = PBXGroup;
			children = (
				0CD87CA22C87871D00AD76AC /* Data */,
				0CD87CA32C87874D00AD76AC /* Support */,
				0CD87CAF2C88B8E500AD76AC /* AuthWebView.swift */,
			);
			path = PublicZone;
			sourceTree = "<group>";
		};
		0CD87CA22C87871D00AD76AC /* Data */ = {
			isa = PBXGroup;
			children = (
				0CD87CAD2C88B86000AD76AC /* AuthCredentials.swift */,
			);
			path = Data;
			sourceTree = "<group>";
		};
		0CD87CA32C87874D00AD76AC /* Support */ = {
			isa = PBXGroup;
			children = (
				0CD87CAB2C87977000AD76AC /* AuthURLBuilder.swift */,
			);
			path = Support;
			sourceTree = "<group>";
		};
		0CD87CA42C87876500AD76AC /* Services */ = {
			isa = PBXGroup;
			children = (
				0CD87CFF2C945EF500AD76AC /* API */,
				0CD87CA52C87877E00AD76AC /* Storages */,
			);
			path = Services;
			sourceTree = "<group>";
		};
		0CD87CA52C87877E00AD76AC /* Storages */ = {
			isa = PBXGroup;
			children = (
				0CD87CA92C878E9D00AD76AC /* UserStorage.swift */,
			);
			path = Storages;
			sourceTree = "<group>";
		};
		0CD87CA62C87879000AD76AC /* Helpers */ = {
			isa = PBXGroup;
			children = (
				0CD87CED2C92E45F00AD76AC /* Extensions */,
				0CD87CDD2C8F7ACC00AD76AC /* ViewModifiers */,
				0CD87CA72C878DCF00AD76AC /* Consts.swift */,
				0CD87D282C96414900AD76AC /* Typealiases.swift */,
				0CD87D2E2C9651FC00AD76AC /* DateFormatter.swift */,
			);
			path = Helpers;
			sourceTree = "<group>";
		};
		0CD87CD52C8F359800AD76AC /* PrivateZone */ = {
			isa = PBXGroup;
			children = (
				0C4CFC9F2C99A16900EA2F10 /* Profile */,
				0CD87D072C94622600AD76AC /* Friends */,
				0CD87CD62C8F35A700AD76AC /* TabBar */,
			);
			path = PrivateZone;
			sourceTree = "<group>";
		};
		0CD87CD62C8F35A700AD76AC /* TabBar */ = {
			isa = PBXGroup;
			children = (
				0CD87CD72C8F35CD00AD76AC /* TabBarFeature.swift */,
				0CD87CDB2C8F46CC00AD76AC /* TabBarView.swift */,
			);
			path = TabBar;
			sourceTree = "<group>";
		};
		0CD87CDD2C8F7ACC00AD76AC /* ViewModifiers */ = {
			isa = PBXGroup;
			children = (
				0CD87CDE2C8F7ADB00AD76AC /* FirstAppearModifier.swift */,
			);
			path = ViewModifiers;
			sourceTree = "<group>";
		};
		0CD87CEA2C92E3B500AD76AC /* Models */ = {
			isa = PBXGroup;
			children = (
				0CD87CEC2C92E3C200AD76AC /* Server */,
				0CD87CEB2C92E3BD00AD76AC /* Local */,
			);
			path = Models;
			sourceTree = "<group>";
		};
		0CD87CEB2C92E3BD00AD76AC /* Local */ = {
			isa = PBXGroup;
			children = (
				0CD87CF62C92EE8200AD76AC /* Users */,
				0C4CFC9C2C999F3700EA2F10 /* Photo */,
			);
			path = Local;
			sourceTree = "<group>";
		};
		0CD87CEC2C92E3C200AD76AC /* Server */ = {
			isa = PBXGroup;
			children = (
				0CD87CF12C92EA5100AD76AC /* ResponseModel */,
				0CD87CF02C92E9FA00AD76AC /* Users */,
				0C4CFC992C999E9F00EA2F10 /* Photo */,
			);
			path = Server;
			sourceTree = "<group>";
		};
		0CD87CED2C92E45F00AD76AC /* Extensions */ = {
			isa = PBXGroup;
			children = (
				0CD87CE02C8F7BD500AD76AC /* View+Extension.swift */,
				0CD87CEE2C92E48900AD76AC /* Optional+Extension.swift */,
				0CD87D252C963F3700AD76AC /* Color+Extension.swift */,
				0CD87D2A2C964BCB00AD76AC /* Date+Extension.swift */,
				0CD87D2C2C964C1E00AD76AC /* Bool+Extension.swift */,
			);
			path = Extensions;
			sourceTree = "<group>";
		};
		0CD87CF02C92E9FA00AD76AC /* Users */ = {
			isa = PBXGroup;
			children = (
				0CD87CF42C92EB6B00AD76AC /* ServerUserModel.swift */,
			);
			path = Users;
			sourceTree = "<group>";
		};
		0CD87CF12C92EA5100AD76AC /* ResponseModel */ = {
			isa = PBXGroup;
			children = (
				0CD87CF22C92EA5D00AD76AC /* ResponseModel.swift */,
			);
			path = ResponseModel;
			sourceTree = "<group>";
		};
		0CD87CF62C92EE8200AD76AC /* Users */ = {
			isa = PBXGroup;
			children = (
				0CD87CF82C92EE9A00AD76AC /* User.swift */,
				0CD87CFA2C932F8200AD76AC /* Gender.swift */,
			);
			path = Users;
			sourceTree = "<group>";
		};
		0CD87CFF2C945EF500AD76AC /* API */ = {
			isa = PBXGroup;
			children = (
				0C4CFC942C999A0800EA2F10 /* Profile */,
				0CD87D022C94605000AD76AC /* Friends */,
				0CD87D002C945F4400AD76AC /* NetworkClient.swift */,
			);
			path = API;
			sourceTree = "<group>";
		};
		0CD87D022C94605000AD76AC /* Friends */ = {
			isa = PBXGroup;
			children = (
				0CD87D032C94606600AD76AC /* FriendsAPIClient.swift */,
				0CD87D052C94607C00AD76AC /* FriendsEndpoint.swift */,
			);
			path = Friends;
			sourceTree = "<group>";
		};
		0CD87D072C94622600AD76AC /* Friends */ = {
			isa = PBXGroup;
			children = (
				0CD87D0C2C959C8A00AD76AC /* UI */,
				0CD87D082C94623B00AD76AC /* FriendsListView.swift */,
				0CD87D0A2C94625A00AD76AC /* FriendsListFeature.swift */,
			);
			path = Friends;
			sourceTree = "<group>";
		};
		0CD87D0C2C959C8A00AD76AC /* UI */ = {
			isa = PBXGroup;
			children = (
				0CD87D0D2C959C9E00AD76AC /* OnlineIndicatorView.swift */,
				0CD87D0F2C95B27600AD76AC /* TextInfoView.swift */,
				0CD87D112C95B35900AD76AC /* FriendsListItemView.swift */,
			);
			path = UI;
			sourceTree = "<group>";
		};
		0CD87D142C95CB0F00AD76AC /* UI */ = {
			isa = PBXGroup;
			children = (
				0CD87D222C963CF600AD76AC /* AlertView */,
				0CD87D152C95CB2900AD76AC /* LoadableView */,
			);
			path = UI;
			sourceTree = "<group>";
		};
		0CD87D152C95CB2900AD76AC /* LoadableView */ = {
			isa = PBXGroup;
			children = (
				0CD87D1A2C96297600AD76AC /* Components */,
				0CD87D162C95CB6900AD76AC /* LoadableViewFeature.swift */,
				0CD87D182C95DB7E00AD76AC /* LoadableView.swift */,
			);
			path = LoadableView;
			sourceTree = "<group>";
		};
		0CD87D1A2C96297600AD76AC /* Components */ = {
			isa = PBXGroup;
			children = (
				0C0CCF902C96D2B500951858 /* AnimationView */,
				0CD87D1F2C962FC900AD76AC /* SkeletonsViews */,
			);
			path = Components;
			sourceTree = "<group>";
		};
		0CD87D1F2C962FC900AD76AC /* SkeletonsViews */ = {
			isa = PBXGroup;
			children = (
				0CD87D202C96307800AD76AC /* FriendsSceletonView.swift */,
				0C4CFCAB2C9AF28300EA2F10 /* ProfileSceletonView.swift */,
			);
			path = SkeletonsViews;
			sourceTree = "<group>";
		};
		0CD87D222C963CF600AD76AC /* AlertView */ = {
			isa = PBXGroup;
			children = (
				0CD87D232C963DA900AD76AC /* AlertView.swift */,
			);
			path = AlertView;
			sourceTree = "<group>";
		};
/* End PBXGroup section */

/* Begin PBXNativeTarget section */
		0CD87C8C2C8784DF00AD76AC /* MyVK */ = {
			isa = PBXNativeTarget;
			buildConfigurationList = 0CD87C9B2C8784E200AD76AC /* Build configuration list for PBXNativeTarget "MyVK" */;
			buildPhases = (
				0CD87C892C8784DF00AD76AC /* Sources */,
				0CD87C8A2C8784DF00AD76AC /* Frameworks */,
				0CD87C8B2C8784DF00AD76AC /* Resources */,
			);
			buildRules = (
			);
			dependencies = (
			);
			name = MyVK;
			packageProductDependencies = (
				0CD87CD32C8F285D00AD76AC /* ComposableArchitecture */,
				0CD87CFD2C94167700AD76AC /* AsyncNetwork */,
			);
			productName = MyVK;
			productReference = 0CD87C8D2C8784DF00AD76AC /* MyVK.app */;
			productType = "com.apple.product-type.application";
		};
/* End PBXNativeTarget section */

/* Begin PBXProject section */
		0CD87C852C8784DF00AD76AC /* Project object */ = {
			isa = PBXProject;
			attributes = {
				BuildIndependentTargetsInParallel = 1;
				LastSwiftUpdateCheck = 1540;
				LastUpgradeCheck = 1540;
				TargetAttributes = {
					0CD87C8C2C8784DF00AD76AC = {
						CreatedOnToolsVersion = 15.4;
					};
				};
			};
			buildConfigurationList = 0CD87C882C8784DF00AD76AC /* Build configuration list for PBXProject "MyVK" */;
			compatibilityVersion = "Xcode 14.0";
			developmentRegion = en;
			hasScannedForEncodings = 0;
			knownRegions = (
				en,
				Base,
			);
			mainGroup = 0CD87C842C8784DF00AD76AC;
			packageReferences = (
				0CD87CD22C8F285D00AD76AC /* XCRemoteSwiftPackageReference "swift-composable-architecture" */,
				0CD87CFC2C94167700AD76AC /* XCRemoteSwiftPackageReference "AsyncNetwork" */,
			);
			productRefGroup = 0CD87C8E2C8784DF00AD76AC /* Products */;
			projectDirPath = "";
			projectRoot = "";
			targets = (
				0CD87C8C2C8784DF00AD76AC /* MyVK */,
			);
		};
/* End PBXProject section */

/* Begin PBXResourcesBuildPhase section */
		0CD87C8B2C8784DF00AD76AC /* Resources */ = {
			isa = PBXResourcesBuildPhase;
			buildActionMask = 2147483647;
			files = (
				0CD87C982C8784E200AD76AC /* Preview Assets.xcassets in Resources */,
				0CD87C952C8784E200AD76AC /* Assets.xcassets in Resources */,
			);
			runOnlyForDeploymentPostprocessing = 0;
		};
/* End PBXResourcesBuildPhase section */

/* Begin PBXSourcesBuildPhase section */
		0CD87C892C8784DF00AD76AC /* Sources */ = {
			isa = PBXSourcesBuildPhase;
			buildActionMask = 2147483647;
			files = (
				0CD87CDF2C8F7ADB00AD76AC /* FirstAppearModifier.swift in Sources */,
				0CD87D262C963F3700AD76AC /* Color+Extension.swift in Sources */,
				0CD87CEF2C92E48900AD76AC /* Optional+Extension.swift in Sources */,
				0CD87CAC2C87977000AD76AC /* AuthURLBuilder.swift in Sources */,
				0CD87D292C96414900AD76AC /* Typealiases.swift in Sources */,
				0CD87D042C94606600AD76AC /* FriendsAPIClient.swift in Sources */,
				0CD87CDC2C8F46CC00AD76AC /* TabBarView.swift in Sources */,
				0C4CFC962C999A1900EA2F10 /* ProfileAPIClient.swift in Sources */,
				0C4CFCA82C99FF4F00EA2F10 /* ProfileFriendsListView.swift in Sources */,
				0CD87D122C95B35900AD76AC /* FriendsListItemView.swift in Sources */,
				0CD87CAA2C878E9D00AD76AC /* UserStorage.swift in Sources */,
				0CD87D102C95B27600AD76AC /* TextInfoView.swift in Sources */,
				0CD87D192C95DB7E00AD76AC /* LoadableView.swift in Sources */,
				0CD87D0B2C94625A00AD76AC /* FriendsListFeature.swift in Sources */,
				0CD87D2D2C964C1E00AD76AC /* Bool+Extension.swift in Sources */,
				0C4CFCA62C99FF3A00EA2F10 /* ProfileInfoView.swift in Sources */,
				0C4CFCAA2C99FF6800EA2F10 /* ProfilePhotosListView.swift in Sources */,
				0CD87C932C8784DF00AD76AC /* ContentView.swift in Sources */,
				0CD87CB02C88B8E500AD76AC /* AuthWebView.swift in Sources */,
				0CD87D172C95CB6900AD76AC /* LoadableViewFeature.swift in Sources */,
				0CD87D0E2C959C9E00AD76AC /* OnlineIndicatorView.swift in Sources */,
				0CD87CA82C878DCF00AD76AC /* Consts.swift in Sources */,
				0CD87D012C945F4400AD76AC /* NetworkClient.swift in Sources */,
				0CD87D062C94607C00AD76AC /* FriendsEndpoint.swift in Sources */,
				0CD87CE12C8F7BD500AD76AC /* View+Extension.swift in Sources */,
				0CD87CF32C92EA5D00AD76AC /* ResponseModel.swift in Sources */,
				0C4CFCA12C99A19600EA2F10 /* ProfileFeature.swift in Sources */,
				0CD87D2B2C964BCB00AD76AC /* Date+Extension.swift in Sources */,
				0CD87D212C96307800AD76AC /* FriendsSceletonView.swift in Sources */,
				0CD87D2F2C9651FC00AD76AC /* DateFormatter.swift in Sources */,
				0C4CFC982C999A4300EA2F10 /* ProfileEndpoint.swift in Sources */,
				0CD87CAE2C88B86000AD76AC /* AuthCredentials.swift in Sources */,
				0CD87D092C94623B00AD76AC /* FriendsListView.swift in Sources */,
				0C4CFC9E2C999F4900EA2F10 /* UserPhoto.swift in Sources */,
				0CD87CD82C8F35CD00AD76AC /* TabBarFeature.swift in Sources */,
				0C4CFCA32C99FAAA00EA2F10 /* ProfileView.swift in Sources */,
				0CD87CFB2C932F8200AD76AC /* Gender.swift in Sources */,
				0CD87CF92C92EE9A00AD76AC /* User.swift in Sources */,
				0CD87D1C2C96298B00AD76AC /* ShimmerView.swift in Sources */,
				0CD87D242C963DA900AD76AC /* AlertView.swift in Sources */,
				0CD87CF52C92EB6B00AD76AC /* ServerUserModel.swift in Sources */,
				0C4CFCAC2C9AF28400EA2F10 /* ProfileSceletonView.swift in Sources */,
				0C4CFC9B2C999EC400EA2F10 /* ServerPhotoModel.swift in Sources */,
				0CD87C912C8784DF00AD76AC /* MyVKApp.swift in Sources */,
			);
			runOnlyForDeploymentPostprocessing = 0;
		};
/* End PBXSourcesBuildPhase section */

/* Begin XCBuildConfiguration section */
		0CD87C992C8784E200AD76AC /* Debug */ = {
			isa = XCBuildConfiguration;
			buildSettings = {
				ALWAYS_SEARCH_USER_PATHS = NO;
				ASSETCATALOG_COMPILER_GENERATE_SWIFT_ASSET_SYMBOL_EXTENSIONS = YES;
				CLANG_ANALYZER_NONNULL = YES;
				CLANG_ANALYZER_NUMBER_OBJECT_CONVERSION = YES_AGGRESSIVE;
				CLANG_CXX_LANGUAGE_STANDARD = "gnu++20";
				CLANG_ENABLE_MODULES = YES;
				CLANG_ENABLE_OBJC_ARC = YES;
				CLANG_ENABLE_OBJC_WEAK = YES;
				CLANG_WARN_BLOCK_CAPTURE_AUTORELEASING = YES;
				CLANG_WARN_BOOL_CONVERSION = YES;
				CLANG_WARN_COMMA = YES;
				CLANG_WARN_CONSTANT_CONVERSION = YES;
				CLANG_WARN_DEPRECATED_OBJC_IMPLEMENTATIONS = YES;
				CLANG_WARN_DIRECT_OBJC_ISA_USAGE = YES_ERROR;
				CLANG_WARN_DOCUMENTATION_COMMENTS = YES;
				CLANG_WARN_EMPTY_BODY = YES;
				CLANG_WARN_ENUM_CONVERSION = YES;
				CLANG_WARN_INFINITE_RECURSION = YES;
				CLANG_WARN_INT_CONVERSION = YES;
				CLANG_WARN_NON_LITERAL_NULL_CONVERSION = YES;
				CLANG_WARN_OBJC_IMPLICIT_RETAIN_SELF = YES;
				CLANG_WARN_OBJC_LITERAL_CONVERSION = YES;
				CLANG_WARN_OBJC_ROOT_CLASS = YES_ERROR;
				CLANG_WARN_QUOTED_INCLUDE_IN_FRAMEWORK_HEADER = YES;
				CLANG_WARN_RANGE_LOOP_ANALYSIS = YES;
				CLANG_WARN_STRICT_PROTOTYPES = YES;
				CLANG_WARN_SUSPICIOUS_MOVE = YES;
				CLANG_WARN_UNGUARDED_AVAILABILITY = YES_AGGRESSIVE;
				CLANG_WARN_UNREACHABLE_CODE = YES;
				CLANG_WARN__DUPLICATE_METHOD_MATCH = YES;
				COPY_PHASE_STRIP = NO;
				DEBUG_INFORMATION_FORMAT = dwarf;
				ENABLE_STRICT_OBJC_MSGSEND = YES;
				ENABLE_TESTABILITY = YES;
				ENABLE_USER_SCRIPT_SANDBOXING = YES;
				GCC_C_LANGUAGE_STANDARD = gnu17;
				GCC_DYNAMIC_NO_PIC = NO;
				GCC_NO_COMMON_BLOCKS = YES;
				GCC_OPTIMIZATION_LEVEL = 0;
				GCC_PREPROCESSOR_DEFINITIONS = (
					"DEBUG=1",
					"$(inherited)",
				);
				GCC_WARN_64_TO_32_BIT_CONVERSION = YES;
				GCC_WARN_ABOUT_RETURN_TYPE = YES_ERROR;
				GCC_WARN_UNDECLARED_SELECTOR = YES;
				GCC_WARN_UNINITIALIZED_AUTOS = YES_AGGRESSIVE;
				GCC_WARN_UNUSED_FUNCTION = YES;
				GCC_WARN_UNUSED_VARIABLE = YES;
				IPHONEOS_DEPLOYMENT_TARGET = 17.0;
				LOCALIZATION_PREFERS_STRING_CATALOGS = YES;
				MTL_ENABLE_DEBUG_INFO = INCLUDE_SOURCE;
				MTL_FAST_MATH = YES;
				ONLY_ACTIVE_ARCH = YES;
				SDKROOT = iphoneos;
				SWIFT_ACTIVE_COMPILATION_CONDITIONS = "DEBUG $(inherited)";
				SWIFT_OPTIMIZATION_LEVEL = "-Onone";
			};
			name = Debug;
		};
		0CD87C9A2C8784E200AD76AC /* Release */ = {
			isa = XCBuildConfiguration;
			buildSettings = {
				ALWAYS_SEARCH_USER_PATHS = NO;
				ASSETCATALOG_COMPILER_GENERATE_SWIFT_ASSET_SYMBOL_EXTENSIONS = YES;
				CLANG_ANALYZER_NONNULL = YES;
				CLANG_ANALYZER_NUMBER_OBJECT_CONVERSION = YES_AGGRESSIVE;
				CLANG_CXX_LANGUAGE_STANDARD = "gnu++20";
				CLANG_ENABLE_MODULES = YES;
				CLANG_ENABLE_OBJC_ARC = YES;
				CLANG_ENABLE_OBJC_WEAK = YES;
				CLANG_WARN_BLOCK_CAPTURE_AUTORELEASING = YES;
				CLANG_WARN_BOOL_CONVERSION = YES;
				CLANG_WARN_COMMA = YES;
				CLANG_WARN_CONSTANT_CONVERSION = YES;
				CLANG_WARN_DEPRECATED_OBJC_IMPLEMENTATIONS = YES;
				CLANG_WARN_DIRECT_OBJC_ISA_USAGE = YES_ERROR;
				CLANG_WARN_DOCUMENTATION_COMMENTS = YES;
				CLANG_WARN_EMPTY_BODY = YES;
				CLANG_WARN_ENUM_CONVERSION = YES;
				CLANG_WARN_INFINITE_RECURSION = YES;
				CLANG_WARN_INT_CONVERSION = YES;
				CLANG_WARN_NON_LITERAL_NULL_CONVERSION = YES;
				CLANG_WARN_OBJC_IMPLICIT_RETAIN_SELF = YES;
				CLANG_WARN_OBJC_LITERAL_CONVERSION = YES;
				CLANG_WARN_OBJC_ROOT_CLASS = YES_ERROR;
				CLANG_WARN_QUOTED_INCLUDE_IN_FRAMEWORK_HEADER = YES;
				CLANG_WARN_RANGE_LOOP_ANALYSIS = YES;
				CLANG_WARN_STRICT_PROTOTYPES = YES;
				CLANG_WARN_SUSPICIOUS_MOVE = YES;
				CLANG_WARN_UNGUARDED_AVAILABILITY = YES_AGGRESSIVE;
				CLANG_WARN_UNREACHABLE_CODE = YES;
				CLANG_WARN__DUPLICATE_METHOD_MATCH = YES;
				COPY_PHASE_STRIP = NO;
				DEBUG_INFORMATION_FORMAT = "dwarf-with-dsym";
				ENABLE_NS_ASSERTIONS = NO;
				ENABLE_STRICT_OBJC_MSGSEND = YES;
				ENABLE_USER_SCRIPT_SANDBOXING = YES;
				GCC_C_LANGUAGE_STANDARD = gnu17;
				GCC_NO_COMMON_BLOCKS = YES;
				GCC_WARN_64_TO_32_BIT_CONVERSION = YES;
				GCC_WARN_ABOUT_RETURN_TYPE = YES_ERROR;
				GCC_WARN_UNDECLARED_SELECTOR = YES;
				GCC_WARN_UNINITIALIZED_AUTOS = YES_AGGRESSIVE;
				GCC_WARN_UNUSED_FUNCTION = YES;
				GCC_WARN_UNUSED_VARIABLE = YES;
				IPHONEOS_DEPLOYMENT_TARGET = 17.0;
				LOCALIZATION_PREFERS_STRING_CATALOGS = YES;
				MTL_ENABLE_DEBUG_INFO = NO;
				MTL_FAST_MATH = YES;
				SDKROOT = iphoneos;
				SWIFT_COMPILATION_MODE = wholemodule;
				VALIDATE_PRODUCT = YES;
			};
			name = Release;
		};
		0CD87C9C2C8784E200AD76AC /* Debug */ = {
			isa = XCBuildConfiguration;
			buildSettings = {
				ASSETCATALOG_COMPILER_APPICON_NAME = AppIcon;
				ASSETCATALOG_COMPILER_GLOBAL_ACCENT_COLOR_NAME = AccentColor;
				CODE_SIGN_STYLE = Automatic;
				CURRENT_PROJECT_VERSION = 1;
				DEVELOPMENT_ASSET_PATHS = "\"MyVK/Preview Content\"";
				DEVELOPMENT_TEAM = 3ASY9C6DNH;
				ENABLE_PREVIEWS = YES;
				GENERATE_INFOPLIST_FILE = YES;
				INFOPLIST_KEY_UIApplicationSceneManifest_Generation = YES;
				INFOPLIST_KEY_UIApplicationSupportsIndirectInputEvents = YES;
				INFOPLIST_KEY_UILaunchScreen_Generation = YES;
				INFOPLIST_KEY_UISupportedInterfaceOrientations = UIInterfaceOrientationPortrait;
				INFOPLIST_KEY_UISupportedInterfaceOrientations_iPad = "UIInterfaceOrientationLandscapeLeft UIInterfaceOrientationLandscapeRight UIInterfaceOrientationPortrait UIInterfaceOrientationPortraitUpsideDown";
				LD_RUNPATH_SEARCH_PATHS = (
					"$(inherited)",
					"@executable_path/Frameworks",
				);
				MARKETING_VERSION = 1.0;
				PRODUCT_BUNDLE_IDENTIFIER = com.artyompetrichenko.MyVK;
				PRODUCT_NAME = "$(TARGET_NAME)";
				SWIFT_EMIT_LOC_STRINGS = YES;
				SWIFT_VERSION = 5.0;
				TARGETED_DEVICE_FAMILY = "1,2";
			};
			name = Debug;
		};
		0CD87C9D2C8784E200AD76AC /* Release */ = {
			isa = XCBuildConfiguration;
			buildSettings = {
				ASSETCATALOG_COMPILER_APPICON_NAME = AppIcon;
				ASSETCATALOG_COMPILER_GLOBAL_ACCENT_COLOR_NAME = AccentColor;
				CODE_SIGN_STYLE = Automatic;
				CURRENT_PROJECT_VERSION = 1;
				DEVELOPMENT_ASSET_PATHS = "\"MyVK/Preview Content\"";
				DEVELOPMENT_TEAM = 3ASY9C6DNH;
				ENABLE_PREVIEWS = YES;
				GENERATE_INFOPLIST_FILE = YES;
				INFOPLIST_KEY_UIApplicationSceneManifest_Generation = YES;
				INFOPLIST_KEY_UIApplicationSupportsIndirectInputEvents = YES;
				INFOPLIST_KEY_UILaunchScreen_Generation = YES;
				INFOPLIST_KEY_UISupportedInterfaceOrientations = UIInterfaceOrientationPortrait;
				INFOPLIST_KEY_UISupportedInterfaceOrientations_iPad = "UIInterfaceOrientationLandscapeLeft UIInterfaceOrientationLandscapeRight UIInterfaceOrientationPortrait UIInterfaceOrientationPortraitUpsideDown";
				LD_RUNPATH_SEARCH_PATHS = (
					"$(inherited)",
					"@executable_path/Frameworks",
				);
				MARKETING_VERSION = 1.0;
				PRODUCT_BUNDLE_IDENTIFIER = com.artyompetrichenko.MyVK;
				PRODUCT_NAME = "$(TARGET_NAME)";
				SWIFT_EMIT_LOC_STRINGS = YES;
				SWIFT_VERSION = 5.0;
				TARGETED_DEVICE_FAMILY = "1,2";
			};
			name = Release;
		};
/* End XCBuildConfiguration section */

/* Begin XCConfigurationList section */
		0CD87C882C8784DF00AD76AC /* Build configuration list for PBXProject "MyVK" */ = {
			isa = XCConfigurationList;
			buildConfigurations = (
				0CD87C992C8784E200AD76AC /* Debug */,
				0CD87C9A2C8784E200AD76AC /* Release */,
			);
			defaultConfigurationIsVisible = 0;
			defaultConfigurationName = Release;
		};
		0CD87C9B2C8784E200AD76AC /* Build configuration list for PBXNativeTarget "MyVK" */ = {
			isa = XCConfigurationList;
			buildConfigurations = (
				0CD87C9C2C8784E200AD76AC /* Debug */,
				0CD87C9D2C8784E200AD76AC /* Release */,
			);
			defaultConfigurationIsVisible = 0;
			defaultConfigurationName = Release;
		};
/* End XCConfigurationList section */

/* Begin XCRemoteSwiftPackageReference section */
		0CD87CD22C8F285D00AD76AC /* XCRemoteSwiftPackageReference "swift-composable-architecture" */ = {
			isa = XCRemoteSwiftPackageReference;
			repositoryURL = "https://github.com/pointfreeco/swift-composable-architecture.git";
			requirement = {
				kind = upToNextMajorVersion;
				minimumVersion = 1.14.0;
			};
		};
		0CD87CFC2C94167700AD76AC /* XCRemoteSwiftPackageReference "AsyncNetwork" */ = {
			isa = XCRemoteSwiftPackageReference;
			repositoryURL = "https://github.com/DmitriqPanteleev/AsyncNetwork.git";
			requirement = {
				branch = main;
				kind = branch;
			};
		};
/* End XCRemoteSwiftPackageReference section */

/* Begin XCSwiftPackageProductDependency section */
		0CD87CD32C8F285D00AD76AC /* ComposableArchitecture */ = {
			isa = XCSwiftPackageProductDependency;
			package = 0CD87CD22C8F285D00AD76AC /* XCRemoteSwiftPackageReference "swift-composable-architecture" */;
			productName = ComposableArchitecture;
		};
		0CD87CFD2C94167700AD76AC /* AsyncNetwork */ = {
			isa = XCSwiftPackageProductDependency;
			package = 0CD87CFC2C94167700AD76AC /* XCRemoteSwiftPackageReference "AsyncNetwork" */;
			productName = AsyncNetwork;
		};
/* End XCSwiftPackageProductDependency section */
	};
	rootObject = 0CD87C852C8784DF00AD76AC /* Project object */;
}
